
Microsoft Visual Studio Solution File, Format Version 12.00
# Visual Studio Version 17
VisualStudioVersion = 17.11.35222.181
MinimumVisualStudioVersion = 10.0.40219.1
Project("{FAE04EC0-301F-11D3-BF4B-00C04F79EFBC}") = "Product Manual Center", "Product Manual Center\Product Manual Center.csproj", "{FFDC8C8A-AF2A-4464-89E3-632E73FCA5F3}"
EndProject
Global
	GlobalSection(SolutionConfigurationPlatforms) = preSolution
		Debug|Any CPU = Debug|Any CPU
		Release|Any CPU = Release|Any CPU
	EndGlobalSection
	GlobalSection(ProjectConfigurationPlatforms) = postSolution
		{FFDC8C8A-AF2A-4464-89E3-632E73FCA5F3}.Debug|Any CPU.ActiveCfg = Debug|Any CPU
		{FFDC8C8A-AF2A-4464-89E3-632E73FCA5F3}.Debug|Any CPU.Build.0 = Debug|Any CPU
		{FFDC8C8A-AF2A-4464-89E3-632E73FCA5F3}.Release|Any CPU.ActiveCfg = Release|Any CPU
		{FFDC8C8A-AF2A-4464-89E3-632E73FCA5F3}.Release|Any CPU.Build.0 = Release|Any CPU
	EndGlobalSection
	GlobalSection(SolutionProperties) = preSolution
		HideSolutionNode = FALSE
	EndGlobalSection
	GlobalSection(ExtensibilityGlobals) = postSolution
		SolutionGuid = {55F80F6A-1A21-47C2-A36E-C83CAAC60376}
	EndGlobalSection
EndGlobal
